<?xml version="1.0" encoding="utf-8"?>
<Project ToolsVersion="4.0" xmlns="http://schemas.microsoft.com/developer/msbuild/2003">
  <ItemGroup>
    <Filter Include="src_c">
      <UniqueIdentifier>{68f43eb4-4a1d-4e62-85c9-38ac8e93f6f1}</UniqueIdentifier>
    </Filter>
    <Filter Include="inc">
      <UniqueIdentifier>{3508bbb8-e857-4339-a0fb-3fcc6f5cb26c}</UniqueIdentifier>
    </Filter>
    <Filter Include="src_c\em_util">
      <UniqueIdentifier>{f4c29ea3-9e36-412b-b5df-2eb36dff88e5}</UniqueIdentifier>
    </Filter>
    <Filter Include="inc\mem">
      <UniqueIdentifier>{1b7c4716-034d-43c1-a01a-ab906573ffcf}</UniqueIdentifier>
    </Filter>
    <Filter Include="src_c\mem">
      <UniqueIdentifier>{6ba61082-d960-4ca3-be9c-e5b6d4693969}</UniqueIdentifier>
    </Filter>
    <Filter Include="src_c\hash">
      <UniqueIdentifier>{5602e10e-0da1-49bb-84cd-e6f700d0a534}</UniqueIdentifier>
    </Filter>
    <Filter Include="src_c\list">
      <UniqueIdentifier>{afb684e8-7faf-4a66-835f-f8a59e2b07ff}</UniqueIdentifier>
    </Filter>
    <Filter Include="inc\hash">
      <UniqueIdentifier>{6ff28cf4-dbc4-4b4c-a02d-a98b23fe9413}</UniqueIdentifier>
    </Filter>
    <Filter Include="inc\list">
      <UniqueIdentifier>{c3dec76e-f295-4d41-94cb-2f370b1bfaeb}</UniqueIdentifier>
    </Filter>
    <Filter Include="src_c\test_res">
      <UniqueIdentifier>{6d274345-df97-4c03-970c-9e7fffa99d19}</UniqueIdentifier>
    </Filter>
    <Filter Include="src_c\main_app">
      <UniqueIdentifier>{4adba11f-5408-4c90-9581-d9a6aaad49b7}</UniqueIdentifier>
    </Filter>
    <Filter Include="src_c\thread">
      <UniqueIdentifier>{18e39470-8e22-489a-810e-efa4aef7499e}</UniqueIdentifier>
    </Filter>
    <Filter Include="inc\thread">
      <UniqueIdentifier>{8ee87652-0fe3-490e-b0eb-bdcdb5463d23}</UniqueIdentifier>
    </Filter>
    <Filter Include="inc\log">
      <UniqueIdentifier>{89ac7685-f996-46b6-9d23-1f6c636f8d91}</UniqueIdentifier>
    </Filter>
    <Filter Include="inc\mnp">
      <UniqueIdentifier>{42c21dc2-aeca-4c58-a7a2-5a26ff012891}</UniqueIdentifier>
    </Filter>
    <Filter Include="third">
      <UniqueIdentifier>{70fce2bc-4980-4401-bcb5-e7b671b612ab}</UniqueIdentifier>
    </Filter>
    <Filter Include="third\cJSON">
      <UniqueIdentifier>{b893f4fb-a5c9-406b-b9b6-01c2de043eb4}</UniqueIdentifier>
    </Filter>
    <Filter Include="src">
      <UniqueIdentifier>{57418339-d475-4218-9639-d32e6fa17f9f}</UniqueIdentifier>
    </Filter>
    <Filter Include="src_c\ff_dec">
      <UniqueIdentifier>{2b362989-faca-4272-b72c-13a01dabd5d5}</UniqueIdentifier>
    </Filter>
    <Filter Include="src_c\demux">
      <UniqueIdentifier>{1171f961-f2b9-4325-8cd4-514160f17215}</UniqueIdentifier>
    </Filter>
  </ItemGroup>
  <ItemGroup>
    <None Include="..\..\src_c\test_res\mk_res.lua">
      <Filter>src_c\test_res</Filter>
    </None>
    <None Include="..\..\make_define" />
    <None Include="..\..\Makefile" />
    <None Include="..\..\src\libffdec.js">
      <Filter>src</Filter>
    </None>
    <None Include="..\..\src\libmnputil.js">
      <Filter>src</Filter>
    </None>
  </ItemGroup>
  <ItemGroup>
    <ClCompile Include="..\..\src_c\em_util\em_buf.c">
      <Filter>src_c\em_util</Filter>
    </ClCompile>
    <ClCompile Include="..\..\src_c\em_util\em_buf_mnp.c">
      <Filter>src_c\em_util</Filter>
    </ClCompile>
    <ClCompile Include="..\..\src_c\em_util\em_log.c">
      <Filter>src_c\em_util</Filter>
    </ClCompile>
    <ClCompile Include="..\..\src_c\em_util\em_mnp_avcode.c">
      <Filter>src_c\em_util</Filter>
    </ClCompile>
    <ClCompile Include="..\..\src_c\em_util\em_pool.c">
      <Filter>src_c\em_util</Filter>
    </ClCompile>
    <ClCompile Include="..\..\src_c\em_util\em_timer.c">
      <Filter>src_c\em_util</Filter>
    </ClCompile>
    <ClCompile Include="..\..\src_c\hash\klb_hash.c">
      <Filter>src_c\hash</Filter>
    </ClCompile>
    <ClCompile Include="..\..\src_c\hash\klb_hash_dx.c">
      <Filter>src_c\hash</Filter>
    </ClCompile>
    <ClCompile Include="..\..\src_c\hash\klb_hash_hgsmi.c">
      <Filter>src_c\hash</Filter>
    </ClCompile>
    <ClCompile Include="..\..\src_c\hash\klb_hlist.c">
      <Filter>src_c\hash</Filter>
    </ClCompile>
    <ClCompile Include="..\..\src_c\hash\klb_hmap.c">
      <Filter>src_c\hash</Filter>
    </ClCompile>
    <ClCompile Include="..\..\src_c\hash\klb_htab.c">
      <Filter>src_c\hash</Filter>
    </ClCompile>
    <ClCompile Include="..\..\src_c\list\klb_list.c">
      <Filter>src_c\list</Filter>
    </ClCompile>
    <ClCompile Include="..\..\src_c\mem\klb_mem.c">
      <Filter>src_c\mem</Filter>
    </ClCompile>
    <ClCompile Include="..\..\src_c\test_res\tmem_h264.c">
      <Filter>src_c\test_res</Filter>
    </ClCompile>
    <ClCompile Include="..\..\src_c\thread\klb_atomic.c">
      <Filter>src_c\thread</Filter>
    </ClCompile>
    <ClCompile Include="..\..\src_c\thread\klb_mutex.c">
      <Filter>src_c\thread</Filter>
    </ClCompile>
    <ClCompile Include="..\..\src_c\thread\klb_rwlock.c">
      <Filter>src_c\thread</Filter>
    </ClCompile>
    <ClCompile Include="..\..\src_c\thread\klb_spinlock.c">
      <Filter>src_c\thread</Filter>
    </ClCompile>
    <ClCompile Include="..\..\src_c\thread\klb_thread.c">
      <Filter>src_c\thread</Filter>
    </ClCompile>
    <ClCompile Include="..\..\src_c\main.c">
      <Filter>src_c</Filter>
    </ClCompile>
    <ClCompile Include="..\..\third\cJSON-1.7.13\cJSON.c">
      <Filter>third\cJSON</Filter>
    </ClCompile>
    <ClCompile Include="..\..\src_c\test_res\tmem_flv.c">
      <Filter>src_c\test_res</Filter>
    </ClCompile>
    <ClCompile Include="..\..\src_c\em_util\em_frame_yuv_wav.c">
      <Filter>src_c\em_util</Filter>
    </ClCompile>
    <ClCompile Include="..\..\src_c\main_app\main_app.c">
      <Filter>src_c\main_app</Filter>
    </ClCompile>
    <ClCompile Include="..\..\src_c\ff_dec\ffmpeg_com.c">
      <Filter>src_c\ff_dec</Filter>
    </ClCompile>
    <ClCompile Include="..\..\src_c\ff_dec\ffmpeg_dec.c">
      <Filter>src_c\ff_dec</Filter>
    </ClCompile>
    <ClCompile Include="..\..\src_c\ff_dec\ffmpeg_enc.c">
      <Filter>src_c\ff_dec</Filter>
    </ClCompile>
    <ClCompile Include="..\..\src_c\ff_dec\ffmpeg_input.c">
      <Filter>src_c\ff_dec</Filter>
    </ClCompile>
    <ClCompile Include="..\..\src_c\demux\em_flv_demux.c">
      <Filter>src_c\demux</Filter>
    </ClCompile>
    <ClCompile Include="..\..\src_c\demux\em_flv_parser.c">
      <Filter>src_c\demux</Filter>
    </ClCompile>
    <ClCompile Include="..\..\src_c\demux\em_mnp_demux.c">
      <Filter>src_c\demux</Filter>
    </ClCompile>
  </ItemGroup>
  <ItemGroup>
    <ClInclude Include="..\..\inc\hash\klb_hash.h">
      <Filter>inc\hash</Filter>
    </ClInclude>
    <ClInclude Include="..\..\inc\hash\klb_hash_dx.h">
      <Filter>inc\hash</Filter>
    </ClInclude>
    <ClInclude Include="..\..\inc\hash\klb_hash_hgsmi.h">
      <Filter>inc\hash</Filter>
    </ClInclude>
    <ClInclude Include="..\..\inc\hash\klb_hlist.h">
      <Filter>inc\hash</Filter>
    </ClInclude>
    <ClInclude Include="..\..\inc\hash\klb_hmap.h">
      <Filter>inc\hash</Filter>
    </ClInclude>
    <ClInclude Include="..\..\inc\hash\klb_htab.h">
      <Filter>inc\hash</Filter>
    </ClInclude>
    <ClInclude Include="..\..\inc\list\klb_list.h">
      <Filter>inc\list</Filter>
    </ClInclude>
    <ClInclude Include="..\..\inc\list\list.h">
      <Filter>inc\list</Filter>
    </ClInclude>
    <ClInclude Include="..\..\inc\log\klb_log.h">
      <Filter>inc\log</Filter>
    </ClInclude>
    <ClInclude Include="..\..\inc\mem\klb_mem.h">
      <Filter>inc\mem</Filter>
    </ClInclude>
    <ClInclude Include="..\..\inc\mnp\klb_mnp.h">
      <Filter>inc\mnp</Filter>
    </ClInclude>
    <ClInclude Include="..\..\inc\mnp\klb_mnp_stream.h">
      <Filter>inc\mnp</Filter>
    </ClInclude>
    <ClInclude Include="..\..\inc\thread\klb_atomic.h">
      <Filter>inc\thread</Filter>
    </ClInclude>
    <ClInclude Include="..\..\inc\thread\klb_mutex.h">
      <Filter>inc\thread</Filter>
    </ClInclude>
    <ClInclude Include="..\..\inc\thread\klb_rwlock.h">
      <Filter>inc\thread</Filter>
    </ClInclude>
    <ClInclude Include="..\..\inc\thread\klb_spinlock.h">
      <Filter>inc\thread</Filter>
    </ClInclude>
    <ClInclude Include="..\..\inc\thread\klb_thread.h">
      <Filter>inc\thread</Filter>
    </ClInclude>
    <ClInclude Include="..\..\inc\klb_type.h">
      <Filter>inc</Filter>
    </ClInclude>
    <ClInclude Include="..\..\src_c\em_util\em_buf.h">
      <Filter>src_c\em_util</Filter>
    </ClInclude>
    <ClInclude Include="..\..\src_c\em_util\em_buf_mnp.h">
      <Filter>src_c\em_util</Filter>
    </ClInclude>
    <ClInclude Include="..\..\src_c\em_util\em_log.h">
      <Filter>src_c\em_util</Filter>
    </ClInclude>
    <ClInclude Include="..\..\src_c\em_util\em_mnp_avcode.h">
      <Filter>src_c\em_util</Filter>
    </ClInclude>
    <ClInclude Include="..\..\src_c\em_util\em_pool.h">
      <Filter>src_c\em_util</Filter>
    </ClInclude>
    <ClInclude Include="..\..\src_c\em_util\em_timer.h">
      <Filter>src_c\em_util</Filter>
    </ClInclude>
    <ClInclude Include="..\..\src_c\test_res\mnp_h264_res.h">
      <Filter>src_c\test_res</Filter>
    </ClInclude>
    <ClInclude Include="..\..\src_c\test_res\tmem_h264.h">
      <Filter>src_c\test_res</Filter>
    </ClInclude>
    <ClInclude Include="..\..\third\cJSON-1.7.13\cJSON.h">
      <Filter>third\cJSON</Filter>
    </ClInclude>
    <ClInclude Include="..\..\src_c\em_util\em_frame_yuv_wav.h">
      <Filter>src_c\em_util</Filter>
    </ClInclude>
    <ClInclude Include="..\..\src_c\test_res\tmem_flv.h">
      <Filter>src_c\test_res</Filter>
    </ClInclude>
    <ClInclude Include="..\..\src_c\main_app\main_app.h">
      <Filter>src_c\main_app</Filter>
    </ClInclude>
    <ClInclude Include="..\..\src_c\main_app\main_app_in.h">
      <Filter>src_c\main_app</Filter>
    </ClInclude>
    <ClInclude Include="..\..\src_c\ff_dec\ffmpeg_com.h">
      <Filter>src_c\ff_dec</Filter>
    </ClInclude>
    <ClInclude Include="..\..\src_c\ff_dec\ffmpeg_dec.h">
      <Filter>src_c\ff_dec</Filter>
    </ClInclude>
    <ClInclude Include="..\..\src_c\ff_dec\ffmpeg_enc.h">
      <Filter>src_c\ff_dec</Filter>
    </ClInclude>
    <ClInclude Include="..\..\src_c\ff_dec\ffmpeg_input.h">
      <Filter>src_c\ff_dec</Filter>
    </ClInclude>
    <ClInclude Include="..\..\src_c\demux\em_flv_demux.h">
      <Filter>src_c\demux</Filter>
    </ClInclude>
    <ClInclude Include="..\..\src_c\demux\em_flv_parser.h">
      <Filter>src_c\demux</Filter>
    </ClInclude>
    <ClInclude Include="..\..\src_c\demux\em_mnp_demux.h">
      <Filter>src_c\demux</Filter>
    </ClInclude>
  </ItemGroup>
</Project>